<?xml version="1.0" encoding="utf-8"?>
<Project ToolsVersion="4.0" xmlns="http://schemas.microsoft.com/developer/msbuild/2003">
  <ItemGroup>
    <Filter Include="源文件">
      <UniqueIdentifier>{4FC737F1-C7A5-4376-A066-2A32D752A2FF}</UniqueIdentifier>
      <Extensions>cpp;c;cc;cxx;def;odl;idl;hpj;bat;asm;asmx</Extensions>
    </Filter>
    <Filter Include="头文件">
      <UniqueIdentifier>{93995380-89BD-4b04-88EB-625FBE52EBFB}</UniqueIdentifier>
      <Extensions>h;hh;hpp;hxx;hm;inl;inc;ipp;xsd</Extensions>
    </Filter>
    <Filter Include="资源文件">
      <UniqueIdentifier>{67DA6AB6-F800-4c08-8B7A-83BB121AAD01}</UniqueIdentifier>
      <Extensions>rc;ico;cur;bmp;dlg;rc2;rct;bin;rgs;gif;jpg;jpeg;jpe;resx;tiff;tif;png;wav;mfcribbon-ms</Extensions>
    </Filter>
    <Filter Include="头文件\e0001_e0100">
      <UniqueIdentifier>{c4c392bd-2df4-470e-a3cb-39a80d343e9c}</UniqueIdentifier>
    </Filter>
  </ItemGroup>
  <ItemGroup>
    <ClInclude Include="src\e0001_e0100\e0001.h">
      <Filter>头文件\e0001_e0100</Filter>
    </ClInclude>
    <ClInclude Include="src\e0001_e0100\e0002.h">
      <Filter>头文件\e0001_e0100</Filter>
    </ClInclude>
    <ClInclude Include="src\e0001_e0100\e0003.h">
      <Filter>头文件\e0001_e0100</Filter>
    </ClInclude>
    <ClInclude Include="src\e0001_e0100\e0004.h">
      <Filter>头文件\e0001_e0100</Filter>
    </ClInclude>
    <ClInclude Include="src\e0001_e0100\e0005.h">
      <Filter>头文件\e0001_e0100</Filter>
    </ClInclude>
    <ClInclude Include="src\e0001_e0100\e0006.h">
      <Filter>头文件\e0001_e0100</Filter>
    </ClInclude>
    <ClInclude Include="src\e0001_e0100\e0007.h">
      <Filter>头文件\e0001_e0100</Filter>
    </ClInclude>
    <ClInclude Include="src\e0001_e0100\e0008.h">
      <Filter>头文件\e0001_e0100</Filter>
    </ClInclude>
    <ClInclude Include="src\e0001_e0100\e0009.h">
      <Filter>头文件\e0001_e0100</Filter>
    </ClInclude>
    <ClInclude Include="src\e0001_e0100\e0010.h">
      <Filter>头文件\e0001_e0100</Filter>
    </ClInclude>
    <ClInclude Include="src\e0001_e0100\e0011.h">
      <Filter>头文件\e0001_e0100</Filter>
    </ClInclude>
    <ClInclude Include="src\e0001_e0100\e0012.h">
      <Filter>头文件\e0001_e0100</Filter>
    </ClInclude>
    <ClInclude Include="src\e0001_e0100\e0013.h">
      <Filter>头文件\e0001_e0100</Filter>
    </ClInclude>
    <ClInclude Include="src\e0001_e0100\e0014.h">
      <Filter>头文件\e0001_e0100</Filter>
    </ClInclude>
    <ClInclude Include="src\e0001_e0100\e0015.h">
      <Filter>头文件\e0001_e0100</Filter>
    </ClInclude>
    <ClInclude Include="src\e0001_e0100\e0016.h">
      <Filter>头文件\e0001_e0100</Filter>
    </ClInclude>
    <ClInclude Include="src\e0001_e0100\e0017.h">
      <Filter>头文件\e0001_e0100</Filter>
    </ClInclude>
    <ClInclude Include="src\e0001_e0100\e0018.h">
      <Filter>头文件\e0001_e0100</Filter>
    </ClInclude>
    <ClInclude Include="src\e0001_e0100\e0019.h">
      <Filter>头文件\e0001_e0100</Filter>
    </ClInclude>
    <ClInclude Include="src\e0001_e0100\e0020.h">
      <Filter>头文件\e0001_e0100</Filter>
    </ClInclude>
    <ClInclude Include="src\e0001_e0100\e0021.h">
      <Filter>头文件\e0001_e0100</Filter>
    </ClInclude>
    <ClInclude Include="src\e0001_e0100\e0022.h">
      <Filter>头文件\e0001_e0100</Filter>
    </ClInclude>
    <ClInclude Include="src\main.h">
      <Filter>头文件</Filter>
    </ClInclude>
  </ItemGroup>
  <ItemGroup>
    <ClCompile Include="src\main.cpp">
      <Filter>源文件</Filter>
    </ClCompile>
  </ItemGroup>
</Project>