<?xml version="1.0" encoding="utf-8"?>
<Project ToolsVersion="4.0" xmlns="http://schemas.microsoft.com/developer/msbuild/2003">
  <ItemGroup>
    <ClCompile Include="..\src\exercise\e0100\e0001.cpp">
      <Filter>源文件\exercise\e0100</Filter>
    </ClCompile>
    <ClCompile Include="..\src\extern.cpp">
      <Filter>源文件</Filter>
    </ClCompile>
    <ClCompile Include="..\src\exercise\e0100\e0002.cpp">
      <Filter>源文件\exercise\e0100</Filter>
    </ClCompile>
    <ClCompile Include="..\src\exercise\e0100\e0003.cpp">
      <Filter>源文件\exercise\e0100</Filter>
    </ClCompile>
    <ClCompile Include="..\src\exercise\e0100\e0004.cpp">
      <Filter>源文件\exercise\e0100</Filter>
    </ClCompile>
    <ClCompile Include="..\src\exercise\e0100\e0005.cpp">
      <Filter>源文件\exercise\e0100</Filter>
    </ClCompile>
    <ClCompile Include="..\src\exercise\e0100\e0006.cpp">
      <Filter>源文件\exercise\e0100</Filter>
    </ClCompile>
    <ClCompile Include="..\src\exercise\e0100\e0007.cpp">
      <Filter>源文件\exercise\e0100</Filter>
    </ClCompile>
    <ClCompile Include="..\src\exercise\e0100\e0008.cpp">
      <Filter>源文件\exercise\e0100</Filter>
    </ClCompile>
    <ClCompile Include="..\src\exercise\e0100\e0009.cpp">
      <Filter>源文件\exercise\e0100</Filter>
    </ClCompile>
    <ClCompile Include="..\src\exercise\e0100\e0010.cpp">
      <Filter>源文件\exercise\e0100</Filter>
    </ClCompile>
    <ClCompile Include="..\src\exercise\e0100\e0011.cpp">
      <Filter>源文件\exercise\e0100</Filter>
    </ClCompile>
    <ClCompile Include="..\src\exercise\e0100\e0012.cpp">
      <Filter>源文件\exercise\e0100</Filter>
    </ClCompile>
    <ClCompile Include="..\src\exercise\e0100\e0013.cpp">
      <Filter>源文件\exercise\e0100</Filter>
    </ClCompile>
    <ClCompile Include="..\src\exercise\e0100\e0014.cpp">
      <Filter>源文件\exercise\e0100</Filter>
    </ClCompile>
    <ClCompile Include="..\src\exercise\e0100\e0015.cpp">
      <Filter>源文件\exercise\e0100</Filter>
    </ClCompile>
    <ClCompile Include="..\src\exercise\e0100\e0016.cpp">
      <Filter>源文件\exercise\e0100</Filter>
    </ClCompile>
    <ClCompile Include="..\src\exercise\e0100\e0017.cpp">
      <Filter>源文件\exercise\e0100</Filter>
    </ClCompile>
    <ClCompile Include="..\src\exercise\e0100\e0018.cpp">
      <Filter>源文件\exercise\e0100</Filter>
    </ClCompile>
    <ClCompile Include="..\src\exercise\e0100\e0019.cpp">
      <Filter>源文件\exercise\e0100</Filter>
    </ClCompile>
    <ClCompile Include="..\src\exercise\e0100\e0020.cpp">
      <Filter>源文件\exercise\e0100</Filter>
    </ClCompile>
    <ClCompile Include="..\src\exercise\e0100\e0021.cpp">
      <Filter>源文件\exercise\e0100</Filter>
    </ClCompile>
    <ClCompile Include="..\src\exercise\e0100\e0022.cpp">
      <Filter>源文件\exercise\e0100</Filter>
    </ClCompile>
    <ClCompile Include="..\src\exercise\e0100\e0023.cpp">
      <Filter>源文件\exercise\e0100</Filter>
    </ClCompile>
    <ClCompile Include="..\src\exercise\e0100\e0024.cpp">
      <Filter>源文件\exercise\e0100</Filter>
    </ClCompile>
    <ClCompile Include="..\src\exercise\e0100\e0025.cpp">
      <Filter>源文件\exercise\e0100</Filter>
    </ClCompile>
    <ClCompile Include="$(MSBuildThisFileDirectory)..\..\lib\native\src\gtest\gtest-all.cc" />
    <ClCompile Include="$(MSBuildThisFileDirectory)..\..\lib\native\src\gmock\gmock-all.cc" />
    <ClCompile Include="..\src\competition\week_176\e5340.cpp">
      <Filter>源文件\competition\week176</Filter>
    </ClCompile>
    <ClCompile Include="..\src\competition\week_176\e5341.cpp">
      <Filter>源文件\competition\week176</Filter>
    </ClCompile>
    <ClCompile Include="..\src\competition\week_176\e5342.cpp">
      <Filter>源文件\competition\week176</Filter>
    </ClCompile>
    <ClCompile Include="..\src\competition\week_176\e5343.cpp">
      <Filter>源文件\competition\week176</Filter>
    </ClCompile>
    <ClCompile Include="..\src\exercise\e0100\e0026.cpp">
      <Filter>源文件\exercise\e0100</Filter>
    </ClCompile>
    <ClCompile Include="..\src\exercise\e0100\e0027.cpp">
      <Filter>源文件\exercise\e0100</Filter>
    </ClCompile>
    <ClCompile Include="..\src\exercise\e0100\e0028.cpp">
      <Filter>源文件\exercise\e0100</Filter>
    </ClCompile>
    <ClCompile Include="..\src\exercise\e0100\e0029.cpp">
      <Filter>源文件\exercise\e0100</Filter>
    </ClCompile>
    <ClCompile Include="..\src\exercise\e0100\e0030.cpp">
      <Filter>源文件\exercise\e0100</Filter>
    </ClCompile>
    <ClCompile Include="..\src\exercise\e0100\e0031.cpp">
      <Filter>源文件\exercise\e0100</Filter>
    </ClCompile>
    <ClCompile Include="..\src\exercise\e0100\e0032.cpp">
      <Filter>源文件\exercise\e0100</Filter>
    </ClCompile>
    <ClCompile Include="..\src\exercise\e0100\e0033.cpp">
      <Filter>源文件\exercise\e0100</Filter>
    </ClCompile>
    <ClCompile Include="..\src\exercise\e0100\e0034.cpp">
      <Filter>源文件\exercise\e0100</Filter>
    </ClCompile>
    <ClCompile Include="..\src\exercise\e0100\e0035.cpp">
      <Filter>源文件\exercise\e0100</Filter>
    </ClCompile>
    <ClCompile Include="..\src\exercise\e0100\e0036.cpp">
      <Filter>源文件\exercise\e0100</Filter>
    </ClCompile>
    <ClCompile Include="..\src\exercise\e0100\e0037.cpp">
      <Filter>源文件\exercise\e0100</Filter>
    </ClCompile>
    <ClCompile Include="..\src\exercise\e0100\e0038.cpp">
      <Filter>源文件\exercise\e0100</Filter>
    </ClCompile>
    <ClCompile Include="..\src\exercise\e0100\e0039.cpp">
      <Filter>源文件\exercise\e0100</Filter>
    </ClCompile>
    <ClCompile Include="..\src\exercise\e0100\e0040.cpp">
      <Filter>源文件\exercise\e0100</Filter>
    </ClCompile>
    <ClCompile Include="..\src\exercise\e0100\e0041.cpp">
      <Filter>源文件\exercise\e0100</Filter>
    </ClCompile>
    <ClCompile Include="..\src\exercise\e0100\e0042.cpp">
      <Filter>源文件\exercise\e0100</Filter>
    </ClCompile>
    <ClCompile Include="..\src\exercise\e0100\e0043.cpp">
      <Filter>源文件\exercise\e0100</Filter>
    </ClCompile>
    <ClCompile Include="..\src\exercise\e0100\e0044.cpp">
      <Filter>源文件\exercise\e0100</Filter>
    </ClCompile>
    <ClCompile Include="..\src\exercise\e0100\e0045.cpp">
      <Filter>源文件\exercise\e0100</Filter>
    </ClCompile>
    <ClCompile Include="..\src\exercise\e0100\e0046.cpp">
      <Filter>源文件\exercise\e0100</Filter>
    </ClCompile>
    <ClCompile Include="..\src\exercise\e0100\e0047.cpp">
      <Filter>源文件\exercise\e0100</Filter>
    </ClCompile>
    <ClCompile Include="..\src\exercise\e0100\e0048.cpp">
      <Filter>源文件\exercise\e0100</Filter>
    </ClCompile>
    <ClCompile Include="..\src\exercise\e0100\e0049.cpp">
      <Filter>源文件\exercise\e0100</Filter>
    </ClCompile>
    <ClCompile Include="..\src\exercise\e0100\e0050.cpp">
      <Filter>源文件\exercise\e0100</Filter>
    </ClCompile>
    <ClCompile Include="..\src\exercise\e0100\e0051.cpp">
      <Filter>源文件\exercise\e0100</Filter>
    </ClCompile>
    <ClCompile Include="..\src\exercise\e0100\e0052.cpp">
      <Filter>源文件\exercise\e0100</Filter>
    </ClCompile>
    <ClCompile Include="..\src\exercise\e0100\e0053.cpp">
      <Filter>源文件\exercise\e0100</Filter>
    </ClCompile>
    <ClCompile Include="..\src\exercise\e0100\e0054.cpp">
      <Filter>源文件\exercise\e0100</Filter>
    </ClCompile>
    <ClCompile Include="..\src\exercise\e0100\e0055.cpp">
      <Filter>源文件\exercise\e0100</Filter>
    </ClCompile>
    <ClCompile Include="..\src\exercise\e0100\e0056.cpp">
      <Filter>源文件\exercise\e0100</Filter>
    </ClCompile>
    <ClCompile Include="..\src\exercise\e0100\e0057.cpp">
      <Filter>源文件\exercise\e0100</Filter>
    </ClCompile>
    <ClCompile Include="..\src\exercise\e0100\e0058.cpp">
      <Filter>源文件\exercise\e0100</Filter>
    </ClCompile>
    <ClCompile Include="..\src\exercise\e0100\e0059.cpp">
      <Filter>源文件\exercise\e0100</Filter>
    </ClCompile>
    <ClCompile Include="..\src\exercise\e0100\e0060.cpp">
      <Filter>源文件\exercise\e0100</Filter>
    </ClCompile>
    <ClCompile Include="..\src\competition\week_177\e5170.cpp">
      <Filter>源文件\competition\week177</Filter>
    </ClCompile>
    <ClCompile Include="..\src\competition\week_177\e5171.cpp">
      <Filter>源文件\competition\week177</Filter>
    </ClCompile>
    <ClCompile Include="..\src\competition\week_177\e5172.cpp">
      <Filter>源文件\competition\week177</Filter>
    </ClCompile>
    <ClCompile Include="..\src\competition\week_177\e5169.cpp">
      <Filter>源文件\competition\week177</Filter>
    </ClCompile>
    <ClCompile Include="..\src\competition\double_20\e5323.cpp">
      <Filter>源文件\competition\double20</Filter>
    </ClCompile>
    <ClCompile Include="..\src\competition\double_20\e5324.cpp">
      <Filter>源文件\competition\double20</Filter>
    </ClCompile>
    <ClCompile Include="..\src\competition\double_20\e5325.cpp">
      <Filter>源文件\competition\double20</Filter>
    </ClCompile>
    <ClCompile Include="..\src\competition\double_20\e5326.cpp">
      <Filter>源文件\competition\double20</Filter>
    </ClCompile>
    <ClCompile Include="..\src\exercise\e0100\e0061.cpp">
      <Filter>源文件\exercise\e0100</Filter>
    </ClCompile>
    <ClCompile Include="..\src\exercise\e0100\e0062.cpp">
      <Filter>源文件\exercise\e0100</Filter>
    </ClCompile>
    <ClCompile Include="..\src\exercise\e0100\e0063.cpp">
      <Filter>源文件\exercise\e0100</Filter>
    </ClCompile>
    <ClCompile Include="..\src\exercise\e0100\e0064.cpp">
      <Filter>源文件\exercise\e0100</Filter>
    </ClCompile>
    <ClCompile Include="..\src\exercise\e0100\e0066.cpp">
      <Filter>源文件\exercise\e0100</Filter>
    </ClCompile>
    <ClCompile Include="..\src\exercise\e0100\e0067.cpp">
      <Filter>源文件\exercise\e0100</Filter>
    </ClCompile>
    <ClCompile Include="..\src\exercise\e0100\e0068.cpp">
      <Filter>源文件\exercise\e0100</Filter>
    </ClCompile>
    <ClCompile Include="..\src\exercise\e0100\e0069.cpp">
      <Filter>源文件\exercise\e0100</Filter>
    </ClCompile>
    <ClCompile Include="..\src\exercise\e0100\e0070.cpp">
      <Filter>源文件\exercise\e0100</Filter>
    </ClCompile>
    <ClCompile Include="..\src\exercise\e0100\e0071.cpp">
      <Filter>源文件\exercise\e0100</Filter>
    </ClCompile>
    <ClCompile Include="..\src\exercise\e0100\e0072.cpp">
      <Filter>源文件\exercise\e0100</Filter>
    </ClCompile>
    <ClCompile Include="..\src\exercise\e0100\e0073.cpp">
      <Filter>源文件\exercise\e0100</Filter>
    </ClCompile>
    <ClCompile Include="..\src\exercise\e0100\e0074.cpp">
      <Filter>源文件\exercise\e0100</Filter>
    </ClCompile>
    <ClCompile Include="..\src\exercise\e0100\e0075.cpp">
      <Filter>源文件\exercise\e0100</Filter>
    </ClCompile>
    <ClCompile Include="..\src\exercise\e0100\e0076.cpp">
      <Filter>源文件\exercise\e0100</Filter>
    </ClCompile>
    <ClCompile Include="..\src\exercise\e0100\e0077.cpp">
      <Filter>源文件\exercise\e0100</Filter>
    </ClCompile>
    <ClCompile Include="..\src\exercise\e0100\e0078.cpp">
      <Filter>源文件\exercise\e0100</Filter>
    </ClCompile>
    <ClCompile Include="..\src\exercise\e0100\e0079.cpp">
      <Filter>源文件\exercise\e0100</Filter>
    </ClCompile>
    <ClCompile Include="..\src\exercise\e0100\e0080.cpp">
      <Filter>源文件\exercise\e0100</Filter>
    </ClCompile>
    <ClCompile Include="..\src\exercise\e0100\e0081.cpp">
      <Filter>源文件\exercise\e0100</Filter>
    </ClCompile>
    <ClCompile Include="..\src\exercise\e0100\e0082.cpp">
      <Filter>源文件\exercise\e0100</Filter>
    </ClCompile>
    <ClCompile Include="..\src\exercise\e0100\e0083.cpp">
      <Filter>源文件\exercise\e0100</Filter>
    </ClCompile>
    <ClCompile Include="..\src\exercise\e0100\e0084.cpp">
      <Filter>源文件\exercise\e0100</Filter>
    </ClCompile>
    <ClCompile Include="..\src\exercise\e0100\e0085.cpp">
      <Filter>源文件\exercise\e0100</Filter>
    </ClCompile>
    <ClCompile Include="..\src\exercise\e0100\e0086.cpp">
      <Filter>源文件\exercise\e0100</Filter>
    </ClCompile>
    <ClCompile Include="..\src\exercise\e0100\e0087.cpp">
      <Filter>源文件\exercise\e0100</Filter>
    </ClCompile>
    <ClCompile Include="..\src\exercise\e0100\e0088.cpp">
      <Filter>源文件\exercise\e0100</Filter>
    </ClCompile>
    <ClCompile Include="..\src\exercise\e0100\e0089.cpp">
      <Filter>源文件\exercise\e0100</Filter>
    </ClCompile>
    <ClCompile Include="..\src\exercise\e0100\e0090.cpp">
      <Filter>源文件\exercise\e0100</Filter>
    </ClCompile>
    <ClCompile Include="..\src\exercise\e0100\e0091.cpp">
      <Filter>源文件\exercise\e0100</Filter>
    </ClCompile>
    <ClCompile Include="..\src\exercise\e0100\e0092.cpp">
      <Filter>源文件\exercise\e0100</Filter>
    </ClCompile>
    <ClCompile Include="..\src\exercise\e0100\e0093.cpp">
      <Filter>源文件\exercise\e0100</Filter>
    </ClCompile>
    <ClCompile Include="..\src\exercise\e0100\e0094.cpp">
      <Filter>源文件\exercise\e0100</Filter>
    </ClCompile>
    <ClCompile Include="..\src\exercise\e0100\e0095.cpp">
      <Filter>源文件\exercise\e0100</Filter>
    </ClCompile>
    <ClCompile Include="..\src\exercise\e0100\e0096.cpp">
      <Filter>源文件\exercise\e0100</Filter>
    </ClCompile>
    <ClCompile Include="..\src\exercise\e0100\e0097.cpp">
      <Filter>源文件\exercise\e0100</Filter>
    </ClCompile>
    <ClCompile Include="..\src\exercise\e0100\e0098.cpp">
      <Filter>源文件\exercise\e0100</Filter>
    </ClCompile>
    <ClCompile Include="..\src\exercise\e0100\e0099.cpp">
      <Filter>源文件\exercise\e0100</Filter>
    </ClCompile>
    <ClCompile Include="..\src\exercise\e0100\e0100.cpp">
      <Filter>源文件\exercise\e0100</Filter>
    </ClCompile>
    <ClCompile Include="..\src\exercise\e0200\e0101.cpp">
      <Filter>源文件\exercise\e0200</Filter>
    </ClCompile>
    <ClCompile Include="..\src\exercise\e0200\e0102.cpp">
      <Filter>源文件\exercise\e0200</Filter>
    </ClCompile>
    <ClCompile Include="..\src\exercise\e0200\e0103.cpp">
      <Filter>源文件\exercise\e0200</Filter>
    </ClCompile>
    <ClCompile Include="..\src\exercise\e0200\e0104.cpp">
      <Filter>源文件\exercise\e0200</Filter>
    </ClCompile>
    <ClCompile Include="..\src\exercise\e0200\e0105.cpp">
      <Filter>源文件\exercise\e0200</Filter>
    </ClCompile>
    <ClCompile Include="..\src\exercise\e0200\e0106.cpp">
      <Filter>源文件\exercise\e0200</Filter>
    </ClCompile>
    <ClCompile Include="..\src\exercise\e0200\e0107.cpp">
      <Filter>源文件\exercise\e0200</Filter>
    </ClCompile>
    <ClCompile Include="..\src\exercise\e0200\e0108.cpp">
      <Filter>源文件\exercise\e0200</Filter>
    </ClCompile>
    <ClCompile Include="..\src\exercise\e0200\e0109.cpp">
      <Filter>源文件\exercise\e0200</Filter>
    </ClCompile>
    <ClCompile Include="..\src\exercise\e0200\e0110.cpp">
      <Filter>源文件\exercise\e0200</Filter>
    </ClCompile>
    <ClCompile Include="..\src\exercise\e0200\e0111.cpp">
      <Filter>源文件\exercise\e0200</Filter>
    </ClCompile>
    <ClCompile Include="..\src\competition\week_178\e5347.cpp">
      <Filter>源文件\competition\week178</Filter>
    </ClCompile>
    <ClCompile Include="..\src\competition\week_178\e5346.cpp">
      <Filter>源文件\competition\week178</Filter>
    </ClCompile>
    <ClCompile Include="..\src\competition\week_178\e5345.cpp">
      <Filter>源文件\competition\week178</Filter>
    </ClCompile>
    <ClCompile Include="..\src\competition\week_178\e5344.cpp">
      <Filter>源文件\competition\week178</Filter>
    </ClCompile>
    <ClCompile Include="..\src\exercise\e0300\e0225.cpp">
      <Filter>源文件\exercise\e0300</Filter>
    </ClCompile>
    <ClCompile Include="..\src\exercise\e0300\e0206.cpp">
      <Filter>源文件\exercise\e0300</Filter>
    </ClCompile>
    <ClCompile Include="..\src\exercise\e0200\e0112.cpp">
      <Filter>源文件\exercise\e0200</Filter>
    </ClCompile>
    <ClCompile Include="..\src\exercise\e0200\e0113.cpp">
      <Filter>源文件\exercise\e0200</Filter>
    </ClCompile>
    <ClCompile Include="..\src\exercise\lcci\lcci1001.cpp">
      <Filter>源文件\exercise\lcci</Filter>
    </ClCompile>
    <ClCompile Include="..\src\exercise\e0200\e0114.cpp">
      <Filter>源文件\exercise\e0200</Filter>
    </ClCompile>
    <ClCompile Include="..\src\exercise\e0200\e0115.cpp">
      <Filter>源文件\exercise\e0200</Filter>
    </ClCompile>
    <ClCompile Include="..\src\exercise\e0200\e0116.cpp">
      <Filter>源文件\exercise\e0200</Filter>
    </ClCompile>
    <ClCompile Include="..\src\exercise\e0200\e0117.cpp">
      <Filter>源文件\exercise\e0200</Filter>
    </ClCompile>
    <ClCompile Include="..\src\exercise\e0200\e0118.cpp">
      <Filter>源文件\exercise\e0200</Filter>
    </ClCompile>
    <ClCompile Include="..\src\exercise\e0200\e0119.cpp">
      <Filter>源文件\exercise\e0200</Filter>
    </ClCompile>
    <ClCompile Include="..\src\exercise\e0200\e0120.cpp">
      <Filter>源文件\exercise\e0200</Filter>
    </ClCompile>
    <ClCompile Include="..\src\exercise\e0200\e0121.cpp">
      <Filter>源文件\exercise\e0200</Filter>
    </ClCompile>
    <ClCompile Include="..\src\exercise\e0200\e0122.cpp">
      <Filter>源文件\exercise\e0200</Filter>
    </ClCompile>
    <ClCompile Include="..\src\exercise\e0200\e0123.cpp">
      <Filter>源文件\exercise\e0200</Filter>
    </ClCompile>
    <ClCompile Include="..\src\exercise\e0200\e0124.cpp">
      <Filter>源文件\exercise\e0200</Filter>
    </ClCompile>
    <ClCompile Include="..\src\exercise\e1000\e0994.cpp">
      <Filter>源文件\exercise\e1000</Filter>
    </ClCompile>
    <ClCompile Include="..\src\exercise\e0200\e0125.cpp">
      <Filter>源文件\exercise\e0200</Filter>
    </ClCompile>
    <ClCompile Include="..\src\exercise\e0200\e0126.cpp">
      <Filter>源文件\exercise\e0200</Filter>
    </ClCompile>
    <ClCompile Include="..\src\exercise\e0200\e0127.cpp">
      <Filter>源文件\exercise\e0200</Filter>
    </ClCompile>
    <ClCompile Include="..\src\exercise\e1200\e1103.cpp">
      <Filter>源文件\exercise\e1200</Filter>
    </ClCompile>
  </ItemGroup>
  <ItemGroup>
    <ClInclude Include="..\src\extern.h">
      <Filter>头文件</Filter>
    </ClInclude>
  </ItemGroup>
  <ItemGroup>
    <None Include="packages.config" />
  </ItemGroup>
  <ItemGroup>
    <Filter Include="头文件">
      <UniqueIdentifier>{5794e263-a1eb-489d-a34d-fea0a8cccca8}</UniqueIdentifier>
    </Filter>
    <Filter Include="源文件">
      <UniqueIdentifier>{13e84454-9e38-44ed-9756-f06a8fe2ea24}</UniqueIdentifier>
    </Filter>
    <Filter Include="源文件\exercise">
      <UniqueIdentifier>{591fd519-91e6-49dd-9b7d-d09fa334ff21}</UniqueIdentifier>
    </Filter>
    <Filter Include="源文件\exercise\e0100">
      <UniqueIdentifier>{d7f63089-cb4c-4757-b1f6-e53d86c82011}</UniqueIdentifier>
    </Filter>
    <Filter Include="源文件\competition">
      <UniqueIdentifier>{2292c383-cd5a-46bb-96a3-1b74281cff50}</UniqueIdentifier>
    </Filter>
    <Filter Include="源文件\competition\week176">
      <UniqueIdentifier>{bdb5b570-a019-4554-af13-6167385e5fd7}</UniqueIdentifier>
    </Filter>
    <Filter Include="源文件\competition\week177">
      <UniqueIdentifier>{a238a53a-4845-409f-b30f-dcd419dd418e}</UniqueIdentifier>
    </Filter>
    <Filter Include="源文件\competition\double20">
      <UniqueIdentifier>{9bdec183-8453-411e-977d-f04f3346c3de}</UniqueIdentifier>
    </Filter>
    <Filter Include="源文件\exercise\e0200">
      <UniqueIdentifier>{0825c79f-ab3b-4fba-8c4a-654c9996047d}</UniqueIdentifier>
    </Filter>
    <Filter Include="源文件\competition\week178">
      <UniqueIdentifier>{2c03df05-2c84-41bb-a0b8-6f96c0b9b3e2}</UniqueIdentifier>
    </Filter>
    <Filter Include="源文件\exercise\e0300">
      <UniqueIdentifier>{0dc103c2-bd8e-487f-97ae-d6dcb312aea5}</UniqueIdentifier>
    </Filter>
    <Filter Include="源文件\exercise\lcci">
      <UniqueIdentifier>{92bbae80-2cc4-43ea-8c42-9473dcfce07d}</UniqueIdentifier>
    </Filter>
    <Filter Include="源文件\exercise\e1000">
      <UniqueIdentifier>{5bfe32d7-ecf2-4069-b584-894225b88799}</UniqueIdentifier>
    </Filter>
    <Filter Include="源文件\exercise\e1200">
      <UniqueIdentifier>{fd09a4ff-3b0d-4535-8f7c-657a6bf33228}</UniqueIdentifier>
    </Filter>
  </ItemGroup>
</Project>