<?xml version="1.0" encoding="utf-8"?>
<Project ToolsVersion="4.0" xmlns="http://schemas.microsoft.com/developer/msbuild/2003">
  <ItemGroup>
    <ClCompile Include="..\src\exercise\e0100\e0001.cpp">
      <Filter>源文件\exercise\e0100</Filter>
    </ClCompile>
    <ClCompile Include="..\src\extern.cpp">
      <Filter>源文件</Filter>
    </ClCompile>
    <ClCompile Include="..\src\exercise\e0100\e0002.cpp">
      <Filter>源文件\exercise\e0100</Filter>
    </ClCompile>
    <ClCompile Include="..\src\exercise\e0100\e0003.cpp">
      <Filter>源文件\exercise\e0100</Filter>
    </ClCompile>
    <ClCompile Include="..\src\exercise\e0100\e0004.cpp">
      <Filter>源文件\exercise\e0100</Filter>
    </ClCompile>
    <ClCompile Include="..\src\exercise\e0100\e0005.cpp">
      <Filter>源文件\exercise\e0100</Filter>
    </ClCompile>
    <ClCompile Include="..\src\exercise\e0100\e0006.cpp">
      <Filter>源文件\exercise\e0100</Filter>
    </ClCompile>
    <ClCompile Include="..\src\exercise\e0100\e0007.cpp">
      <Filter>源文件\exercise\e0100</Filter>
    </ClCompile>
    <ClCompile Include="..\src\exercise\e0100\e0008.cpp">
      <Filter>源文件\exercise\e0100</Filter>
    </ClCompile>
    <ClCompile Include="..\src\exercise\e0100\e0009.cpp">
      <Filter>源文件\exercise\e0100</Filter>
    </ClCompile>
    <ClCompile Include="..\src\exercise\e0100\e0010.cpp">
      <Filter>源文件\exercise\e0100</Filter>
    </ClCompile>
    <ClCompile Include="..\src\exercise\e0100\e0011.cpp">
      <Filter>源文件\exercise\e0100</Filter>
    </ClCompile>
    <ClCompile Include="..\src\exercise\e0100\e0012.cpp">
      <Filter>源文件\exercise\e0100</Filter>
    </ClCompile>
    <ClCompile Include="..\src\exercise\e0100\e0013.cpp">
      <Filter>源文件\exercise\e0100</Filter>
    </ClCompile>
    <ClCompile Include="..\src\exercise\e0100\e0014.cpp">
      <Filter>源文件\exercise\e0100</Filter>
    </ClCompile>
    <ClCompile Include="..\src\exercise\e0100\e0015.cpp">
      <Filter>源文件\exercise\e0100</Filter>
    </ClCompile>
    <ClCompile Include="..\src\exercise\e0100\e0016.cpp">
      <Filter>源文件\exercise\e0100</Filter>
    </ClCompile>
    <ClCompile Include="..\src\exercise\e0100\e0017.cpp">
      <Filter>源文件\exercise\e0100</Filter>
    </ClCompile>
    <ClCompile Include="..\src\exercise\e0100\e0018.cpp">
      <Filter>源文件\exercise\e0100</Filter>
    </ClCompile>
    <ClCompile Include="..\src\exercise\e0100\e0019.cpp">
      <Filter>源文件\exercise\e0100</Filter>
    </ClCompile>
    <ClCompile Include="..\src\exercise\e0100\e0020.cpp">
      <Filter>源文件\exercise\e0100</Filter>
    </ClCompile>
    <ClCompile Include="..\src\exercise\e0100\e0021.cpp">
      <Filter>源文件\exercise\e0100</Filter>
    </ClCompile>
    <ClCompile Include="..\src\exercise\e0100\e0022.cpp">
      <Filter>源文件\exercise\e0100</Filter>
    </ClCompile>
    <ClCompile Include="..\src\exercise\e0100\e0023.cpp">
      <Filter>源文件\exercise\e0100</Filter>
    </ClCompile>
    <ClCompile Include="..\src\exercise\e0100\e0024.cpp">
      <Filter>源文件\exercise\e0100</Filter>
    </ClCompile>
    <ClCompile Include="..\src\exercise\e0100\e0025.cpp">
      <Filter>源文件\exercise\e0100</Filter>
    </ClCompile>
    <ClCompile Include="$(MSBuildThisFileDirectory)..\..\lib\native\src\gtest\gtest-all.cc" />
    <ClCompile Include="$(MSBuildThisFileDirectory)..\..\lib\native\src\gmock\gmock-all.cc" />
    <ClCompile Include="..\src\competition\week_176\e5340.cpp">
      <Filter>源文件\competition\week176</Filter>
    </ClCompile>
    <ClCompile Include="..\src\competition\week_176\e5341.cpp">
      <Filter>源文件\competition\week176</Filter>
    </ClCompile>
    <ClCompile Include="..\src\competition\week_176\e5342.cpp">
      <Filter>源文件\competition\week176</Filter>
    </ClCompile>
    <ClCompile Include="..\src\competition\week_176\e5343.cpp">
      <Filter>源文件\competition\week176</Filter>
    </ClCompile>
    <ClCompile Include="..\src\exercise\e0100\e0026.cpp">
      <Filter>源文件\exercise\e0100</Filter>
    </ClCompile>
    <ClCompile Include="..\src\exercise\e0100\e0027.cpp">
      <Filter>源文件\exercise\e0100</Filter>
    </ClCompile>
    <ClCompile Include="..\src\exercise\e0100\e0028.cpp">
      <Filter>源文件\exercise\e0100</Filter>
    </ClCompile>
    <ClCompile Include="..\src\exercise\e0100\e0029.cpp">
      <Filter>源文件\exercise\e0100</Filter>
    </ClCompile>
    <ClCompile Include="..\src\exercise\e0100\e0030.cpp">
      <Filter>源文件\exercise\e0100</Filter>
    </ClCompile>
    <ClCompile Include="..\src\exercise\e0100\e0031.cpp">
      <Filter>源文件\exercise\e0100</Filter>
    </ClCompile>
    <ClCompile Include="..\src\exercise\e0100\e0032.cpp">
      <Filter>源文件\exercise\e0100</Filter>
    </ClCompile>
  </ItemGroup>
  <ItemGroup>
    <ClInclude Include="..\src\extern.h">
      <Filter>头文件</Filter>
    </ClInclude>
  </ItemGroup>
  <ItemGroup>
    <None Include="packages.config" />
  </ItemGroup>
  <ItemGroup>
    <Filter Include="头文件">
      <UniqueIdentifier>{5794e263-a1eb-489d-a34d-fea0a8cccca8}</UniqueIdentifier>
    </Filter>
    <Filter Include="源文件">
      <UniqueIdentifier>{13e84454-9e38-44ed-9756-f06a8fe2ea24}</UniqueIdentifier>
    </Filter>
    <Filter Include="源文件\exercise">
      <UniqueIdentifier>{591fd519-91e6-49dd-9b7d-d09fa334ff21}</UniqueIdentifier>
    </Filter>
    <Filter Include="源文件\exercise\e0100">
      <UniqueIdentifier>{d7f63089-cb4c-4757-b1f6-e53d86c82011}</UniqueIdentifier>
    </Filter>
    <Filter Include="源文件\competition">
      <UniqueIdentifier>{2292c383-cd5a-46bb-96a3-1b74281cff50}</UniqueIdentifier>
    </Filter>
    <Filter Include="源文件\competition\week176">
      <UniqueIdentifier>{bdb5b570-a019-4554-af13-6167385e5fd7}</UniqueIdentifier>
    </Filter>
  </ItemGroup>
</Project>